
Microsoft Visual Studio Solution File, Format Version 12.00
# Visual Studio Version 16
VisualStudioVersion = 16.0.30204.135
MinimumVisualStudioVersion = 10.0.40219.1
Project("{FAE04EC0-301F-11D3-BF4B-00C04F79EFBC}") = "Almacen_Libreria2", "Almacen_Libreria2\Almacen_Libreria2.csproj", "{4869D681-087F-4D36-B8DC-8820E6EC60A1}"
EndProject
Global
	GlobalSection(SolutionConfigurationPlatforms) = preSolution
		Debug|Any CPU = Debug|Any CPU
		Release|Any CPU = Release|Any CPU
	EndGlobalSection
	GlobalSection(ProjectConfigurationPlatforms) = postSolution
		{4869D681-087F-4D36-B8DC-8820E6EC60A1}.Debug|Any CPU.ActiveCfg = Debug|Any CPU
		{4869D681-087F-4D36-B8DC-8820E6EC60A1}.Debug|Any CPU.Build.0 = Debug|Any CPU
		{4869D681-087F-4D36-B8DC-8820E6EC60A1}.Release|Any CPU.ActiveCfg = Release|Any CPU
		{4869D681-087F-4D36-B8DC-8820E6EC60A1}.Release|Any CPU.Build.0 = Release|Any CPU
	EndGlobalSection
	GlobalSection(SolutionProperties) = preSolution
		HideSolutionNode = FALSE
	EndGlobalSection
	GlobalSection(ExtensibilityGlobals) = postSolution
		SolutionGuid = {7247DD11-53D4-4D3A-B12F-0082D1BAA6C3}
	EndGlobalSection
EndGlobal
